
Microsoft Visual Studio Solution File, Format Version 12.00
# Visual Studio Version 17
VisualStudioVersion = 17.7.34221.43
MinimumVisualStudioVersion = 10.0.40219.1
Project("{FAE04EC0-301F-11D3-BF4B-00C04F79EFBC}") = "CafeteriaWebApi", "CafeteriaWebApi.csproj", "{3C8DBAB4-89B4-4C33-843F-8E6705FCCDAE}"
EndProject
Global
	GlobalSection(SolutionConfigurationPlatforms) = preSolution
		Debug|Any CPU = Debug|Any CPU
		Release|Any CPU = Release|Any CPU
	EndGlobalSection
	GlobalSection(ProjectConfigurationPlatforms) = postSolution
		{3C8DBAB4-89B4-4C33-843F-8E6705FCCDAE}.Debug|Any CPU.ActiveCfg = Debug|Any CPU
		{3C8DBAB4-89B4-4C33-843F-8E6705FCCDAE}.Debug|Any CPU.Build.0 = Debug|Any CPU
		{3C8DBAB4-89B4-4C33-843F-8E6705FCCDAE}.Release|Any CPU.ActiveCfg = Release|Any CPU
		{3C8DBAB4-89B4-4C33-843F-8E6705FCCDAE}.Release|Any CPU.Build.0 = Release|Any CPU
	EndGlobalSection
	GlobalSection(SolutionProperties) = preSolution
		HideSolutionNode = FALSE
	EndGlobalSection
	GlobalSection(ExtensibilityGlobals) = postSolution
		SolutionGuid = {73309435-664F-4980-A6BA-58A8EF15740B}
	EndGlobalSection
EndGlobal
